
Microsoft Visual Studio Solution File, Format Version 12.00
# Visual Studio Version 17
VisualStudioVersion = 17.1.32414.318
MinimumVisualStudioVersion = 10.0.40219.1
Project("{FAE04EC0-301F-11D3-BF4B-00C04F79EFBC}") = "Luth", "Luther\Luth.csproj", "{902DC678-A43C-44F6-84BC-CDDC8A1174C7}"
EndProject
Project("{FAE04EC0-301F-11D3-BF4B-00C04F79EFBC}") = "Luth.IntergrationPack", "Luther.IntergrationPack\Luth.IntergrationPack.csproj", "{9C43174C-2C70-4A1D-8DA2-0B55B0CDE94D}"
EndProject
Global
	GlobalSection(SolutionConfigurationPlatforms) = preSolution
		Debug|Any CPU = Debug|Any CPU
		Release|Any CPU = Release|Any CPU
	EndGlobalSection
	GlobalSection(ProjectConfigurationPlatforms) = postSolution
		{902DC678-A43C-44F6-84BC-CDDC8A1174C7}.Debug|Any CPU.ActiveCfg = Debug|Any CPU
		{902DC678-A43C-44F6-84BC-CDDC8A1174C7}.Debug|Any CPU.Build.0 = Debug|Any CPU
		{902DC678-A43C-44F6-84BC-CDDC8A1174C7}.Release|Any CPU.ActiveCfg = Release|Any CPU
		{902DC678-A43C-44F6-84BC-CDDC8A1174C7}.Release|Any CPU.Build.0 = Release|Any CPU
		{9C43174C-2C70-4A1D-8DA2-0B55B0CDE94D}.Debug|Any CPU.ActiveCfg = Debug|Any CPU
		{9C43174C-2C70-4A1D-8DA2-0B55B0CDE94D}.Debug|Any CPU.Build.0 = Debug|Any CPU
		{9C43174C-2C70-4A1D-8DA2-0B55B0CDE94D}.Release|Any CPU.ActiveCfg = Release|Any CPU
		{9C43174C-2C70-4A1D-8DA2-0B55B0CDE94D}.Release|Any CPU.Build.0 = Release|Any CPU
	EndGlobalSection
	GlobalSection(SolutionProperties) = preSolution
		HideSolutionNode = FALSE
	EndGlobalSection
	GlobalSection(ExtensibilityGlobals) = postSolution
		SolutionGuid = {EB8A3B96-841F-480D-A4D7-E6438ACD86BA}
	EndGlobalSection
EndGlobal
